
Microsoft Visual Studio Solution File, Format Version 12.00
# Visual Studio Version 17
VisualStudioVersion = 17.3.32825.248
MinimumVisualStudioVersion = 10.0.40219.1
Project("{FAE04EC0-301F-11D3-BF4B-00C04F79EFBC}") = "MercuryApi", "MercuryApi\MercuryApi.csproj", "{3DD3E8ED-7FC9-4020-8258-113E31B44682}"
EndProject
Global
	GlobalSection(SolutionConfigurationPlatforms) = preSolution
		Debug|Any CPU = Debug|Any CPU
		Release|Any CPU = Release|Any CPU
	EndGlobalSection
	GlobalSection(ProjectConfigurationPlatforms) = postSolution
		{3DD3E8ED-7FC9-4020-8258-113E31B44682}.Debug|Any CPU.ActiveCfg = Debug|Any CPU
		{3DD3E8ED-7FC9-4020-8258-113E31B44682}.Debug|Any CPU.Build.0 = Debug|Any CPU
		{3DD3E8ED-7FC9-4020-8258-113E31B44682}.Release|Any CPU.ActiveCfg = Release|Any CPU
		{3DD3E8ED-7FC9-4020-8258-113E31B44682}.Release|Any CPU.Build.0 = Release|Any CPU
	EndGlobalSection
	GlobalSection(SolutionProperties) = preSolution
		HideSolutionNode = FALSE
	EndGlobalSection
	GlobalSection(ExtensibilityGlobals) = postSolution
		SolutionGuid = {07A8F456-FF30-4BCB-B7BC-AACE0C6C4A5B}
	EndGlobalSection
EndGlobal
